
Microsoft Visual Studio Solution File, Format Version 12.00
# Visual Studio Version 17
VisualStudioVersion = 17.3.32929.385
MinimumVisualStudioVersion = 10.0.40219.1
Project("{9A19103F-16F7-4668-BE54-9A1E7A4F7556}") = "GLobalMultibrand", "GLobalMultibrand.csproj", "{C171EB5A-8E90-4B26-80AC-810CA2799D7F}"
EndProject
Project("{9A19103F-16F7-4668-BE54-9A1E7A4F7556}") = "GMB.Core", "..\GMB.Core\GMB.Core.csproj", "{DFC5FB50-9A3E-406F-A50C-29FB4B8C2512}"
EndProject
Project("{9A19103F-16F7-4668-BE54-9A1E7A4F7556}") = "GMB.Business", "..\GMB.Business\GMB.Business.csproj", "{694B23E9-04B3-4231-AF85-91FAE89A1C23}"
EndProject
Project("{9A19103F-16F7-4668-BE54-9A1E7A4F7556}") = "GMB.DAL", "..\GMB.DAL\GMB.DAL.csproj", "{4992A0DA-374E-4004-9A47-9BE025CD00A7}"
EndProject
Global
	GlobalSection(SolutionConfigurationPlatforms) = preSolution
		Debug|Any CPU = Debug|Any CPU
		Release|Any CPU = Release|Any CPU
	EndGlobalSection
	GlobalSection(ProjectConfigurationPlatforms) = postSolution
		{C171EB5A-8E90-4B26-80AC-810CA2799D7F}.Debug|Any CPU.ActiveCfg = Debug|Any CPU
		{C171EB5A-8E90-4B26-80AC-810CA2799D7F}.Debug|Any CPU.Build.0 = Debug|Any CPU
		{C171EB5A-8E90-4B26-80AC-810CA2799D7F}.Release|Any CPU.ActiveCfg = Release|Any CPU
		{C171EB5A-8E90-4B26-80AC-810CA2799D7F}.Release|Any CPU.Build.0 = Release|Any CPU
		{DFC5FB50-9A3E-406F-A50C-29FB4B8C2512}.Debug|Any CPU.ActiveCfg = Debug|Any CPU
		{DFC5FB50-9A3E-406F-A50C-29FB4B8C2512}.Debug|Any CPU.Build.0 = Debug|Any CPU
		{DFC5FB50-9A3E-406F-A50C-29FB4B8C2512}.Release|Any CPU.ActiveCfg = Release|Any CPU
		{DFC5FB50-9A3E-406F-A50C-29FB4B8C2512}.Release|Any CPU.Build.0 = Release|Any CPU
		{694B23E9-04B3-4231-AF85-91FAE89A1C23}.Debug|Any CPU.ActiveCfg = Debug|Any CPU
		{694B23E9-04B3-4231-AF85-91FAE89A1C23}.Debug|Any CPU.Build.0 = Debug|Any CPU
		{694B23E9-04B3-4231-AF85-91FAE89A1C23}.Release|Any CPU.ActiveCfg = Release|Any CPU
		{694B23E9-04B3-4231-AF85-91FAE89A1C23}.Release|Any CPU.Build.0 = Release|Any CPU
		{4992A0DA-374E-4004-9A47-9BE025CD00A7}.Debug|Any CPU.ActiveCfg = Debug|Any CPU
		{4992A0DA-374E-4004-9A47-9BE025CD00A7}.Debug|Any CPU.Build.0 = Debug|Any CPU
		{4992A0DA-374E-4004-9A47-9BE025CD00A7}.Release|Any CPU.ActiveCfg = Release|Any CPU
		{4992A0DA-374E-4004-9A47-9BE025CD00A7}.Release|Any CPU.Build.0 = Release|Any CPU
	EndGlobalSection
	GlobalSection(SolutionProperties) = preSolution
		HideSolutionNode = FALSE
	EndGlobalSection
	GlobalSection(ExtensibilityGlobals) = postSolution
		SolutionGuid = {83BC145C-B7D3-41A6-99D2-E5CD187B9AAE}
	EndGlobalSection
EndGlobal
